
Microsoft Visual Studio Solution File, Format Version 12.00
# Visual Studio Version 16
VisualStudioVersion = 16.0.30717.126
MinimumVisualStudioVersion = 10.0.40219.1
Project("{FAE04EC0-301F-11D3-BF4B-00C04F79EFBC}") = "calcul", "calcul.csproj", "{85C120F6-A692-4A1E-9200-E5528ACD5391}"
EndProject
Global
	GlobalSection(SolutionConfigurationPlatforms) = preSolution
		Debug|Any CPU = Debug|Any CPU
		Release|Any CPU = Release|Any CPU
	EndGlobalSection
	GlobalSection(ProjectConfigurationPlatforms) = postSolution
		{85C120F6-A692-4A1E-9200-E5528ACD5391}.Debug|Any CPU.ActiveCfg = Debug|Any CPU
		{85C120F6-A692-4A1E-9200-E5528ACD5391}.Debug|Any CPU.Build.0 = Debug|Any CPU
		{85C120F6-A692-4A1E-9200-E5528ACD5391}.Debug|Any CPU.Deploy.0 = Debug|Any CPU
		{85C120F6-A692-4A1E-9200-E5528ACD5391}.Release|Any CPU.ActiveCfg = Release|Any CPU
		{85C120F6-A692-4A1E-9200-E5528ACD5391}.Release|Any CPU.Build.0 = Release|Any CPU
		{85C120F6-A692-4A1E-9200-E5528ACD5391}.Release|Any CPU.Deploy.0 = Release|Any CPU
	EndGlobalSection
	GlobalSection(SolutionProperties) = preSolution
		HideSolutionNode = FALSE
	EndGlobalSection
	GlobalSection(ExtensibilityGlobals) = postSolution
		SolutionGuid = {A8F338F2-5947-482B-A8AC-69D9DD22DECF}
	EndGlobalSection
EndGlobal
